{
    "_meta": {
        "hash": {
            "sha256": "9b48f368d6c1ce922450ed1d5ea6c70374875d023bb1eb0aa650c67ade36c980"
        },
        "pipfile-spec": 6,
        "requires": {
            "python_version": "3.7"
        },
        "sources": [
            {
                "name": "pypi",
                "url": "https://pypi.org/simple",
                "verify_ssl": true
            }
        ]
    },
    "default": {
        "termcolors": {
            "hashes": [
                "sha256:0a9c0209ee3b0b46ecfc455a939d4d8c053c667cecd3d543b829441d21494909"
            ],
            "index": "pypi",
            "version": "==0.1.0"
        }
    },
    "develop": {}
}
